// !$*UTF8*$!
{
	archiveVersion = 1;
	classes = {
	};
	objectVersion = 50;
	objects = {

/* Begin PBXBuildFile section */
		391E5A53254282EF003A4877 /* Qustion.swift in Sources */ = {isa = PBXBuildFile; fileRef = 391E5A52254282EF003A4877 /* Qustion.swift */; };
		391E5A5625428338003A4877 /* TheQuiz.swift in Sources */ = {isa = PBXBuildFile; fileRef = 391E5A5525428338003A4877 /* TheQuiz.swift */; };
		391E5A5925428398003A4877 /* QuizVC.swift in Sources */ = {isa = PBXBuildFile; fileRef = 391E5A5825428398003A4877 /* QuizVC.swift */; };
		3928CE32253C6FAD001CDED4 /* AppDelegate.swift in Sources */ = {isa = PBXBuildFile; fileRef = 3928CE31253C6FAD001CDED4 /* AppDelegate.swift */; };
		3928CE34253C6FAD001CDED4 /* SceneDelegate.swift in Sources */ = {isa = PBXBuildFile; fileRef = 3928CE33253C6FAD001CDED4 /* SceneDelegate.swift */; };
		3928CE36253C6FAD001CDED4 /* ViewController.swift in Sources */ = {isa = PBXBuildFile; fileRef = 3928CE35253C6FAD001CDED4 /* ViewController.swift */; };
		3928CE49253C6FFD001CDED4 /* Main.storyboard in Resources */ = {isa = PBXBuildFile; fileRef = 3928CE48253C6FFD001CDED4 /* Main.storyboard */; };
		3928CE4C253C704D001CDED4 /* EnglishVL.swift in Sources */ = {isa = PBXBuildFile; fileRef = 3928CE4B253C704D001CDED4 /* EnglishVL.swift */; };
		3928CE50253C7083001CDED4 /* EnglishCardCell.swift in Sources */ = {isa = PBXBuildFile; fileRef = 3928CE4F253C7083001CDED4 /* EnglishCardCell.swift */; };
		3928CE5C253C7133001CDED4 /* LaunchScreen.storyboard in Resources */ = {isa = PBXBuildFile; fileRef = 3928CE5B253C7133001CDED4 /* LaunchScreen.storyboard */; };
		3928CE61253C7E5B001CDED4 /* EnglishVC.swift in Sources */ = {isa = PBXBuildFile; fileRef = 3928CE60253C7E5B001CDED4 /* EnglishVC.swift */; };
		3941586B25434EAE0090309B /* ColorscollectionView.swift in Sources */ = {isa = PBXBuildFile; fileRef = 3941586A25434EAE0090309B /* ColorscollectionView.swift */; };
		3941586E25434F6C0090309B /* ColorsVC.swift in Sources */ = {isa = PBXBuildFile; fileRef = 3941586D25434F6C0090309B /* ColorsVC.swift */; };
		3941587125434FFB0090309B /* ColorModel.swift in Sources */ = {isa = PBXBuildFile; fileRef = 3941587025434FFB0090309B /* ColorModel.swift */; };
		3941587C254354110090309B /* colorsCardCell.swift in Sources */ = {isa = PBXBuildFile; fileRef = 3941587B254354110090309B /* colorsCardCell.swift */; };
		39415887254356780090309B /* UIColor+Extension.swift in Sources */ = {isa = PBXBuildFile; fileRef = 39415886254356780090309B /* UIColor+Extension.swift */; };
		395818D8253CCED40051B10C /* Assets.xcassets in Resources */ = {isa = PBXBuildFile; fileRef = 395818D7253CCED40051B10C /* Assets.xcassets */; };
		395818DF253CD5190051B10C /* ArabicVC.swift in Sources */ = {isa = PBXBuildFile; fileRef = 395818DE253CD5190051B10C /* ArabicVC.swift */; };
		395818E4253CD6A80051B10C /* ArabicCardCell.swift in Sources */ = {isa = PBXBuildFile; fileRef = 395818E3253CD6A80051B10C /* ArabicCardCell.swift */; };
		395818E9253CD6FB0051B10C /* ArabicVL.swift in Sources */ = {isa = PBXBuildFile; fileRef = 395818E8253CD6FB0051B10C /* ArabicVL.swift */; };
		3974FD912542358B00A5CE03 /* Numbers.swift in Sources */ = {isa = PBXBuildFile; fileRef = 3974FD902542358B00A5CE03 /* Numbers.swift */; };
		3974FD942542359700A5CE03 /* NumbersData.swift in Sources */ = {isa = PBXBuildFile; fileRef = 3974FD932542359700A5CE03 /* NumbersData.swift */; };
		3974FD9B2542430C00A5CE03 /* EnglishSong.mp3 in Resources */ = {isa = PBXBuildFile; fileRef = 3974FD9A2542430C00A5CE03 /* EnglishSong.mp3 */; };
		3974FD9E2542431100A5CE03 /* ArabicSong.mp3 in Resources */ = {isa = PBXBuildFile; fileRef = 3974FD9D2542431100A5CE03 /* ArabicSong.mp3 */; };
		39BD0AE9253F3BB6004E5F11 /* NumbersVC.swift in Sources */ = {isa = PBXBuildFile; fileRef = 39BD0AE8253F3BB6004E5F11 /* NumbersVC.swift */; };
		39DFF345253CA82E0065D288 /* Lateef-Regular.ttf in Resources */ = {isa = PBXBuildFile; fileRef = 39DFF342253CA8170065D288 /* Lateef-Regular.ttf */; };
		39DFF347253CA8320065D288 /* OFL.txt in Resources */ = {isa = PBXBuildFile; fileRef = 39DFF343253CA8190065D288 /* OFL.txt */; };
		39EBEFF82541C6A200FC5EBA /* DrawingVC.swift in Sources */ = {isa = PBXBuildFile; fileRef = 39EBEFF72541C6A200FC5EBA /* DrawingVC.swift */; };
/* End PBXBuildFile section */

/* Begin PBXFileReference section */
		391E5A52254282EF003A4877 /* Qustion.swift */ = {isa = PBXFileReference; lastKnownFileType = sourcecode.swift; path = Qustion.swift; sourceTree = "<group>"; };
		391E5A5525428338003A4877 /* TheQuiz.swift */ = {isa = PBXFileReference; lastKnownFileType = sourcecode.swift; path = TheQuiz.swift; sourceTree = "<group>"; };
		391E5A5825428398003A4877 /* QuizVC.swift */ = {isa = PBXFileReference; lastKnownFileType = sourcecode.swift; path = QuizVC.swift; sourceTree = "<group>"; };
		3928CE2E253C6FAD001CDED4 /* نتعلم.app */ = {isa = PBXFileReference; explicitFileType = wrapper.application; includeInIndex = 0; path = "نتعلم.app"; sourceTree = BUILT_PRODUCTS_DIR; };
		3928CE31253C6FAD001CDED4 /* AppDelegate.swift */ = {isa = PBXFileReference; lastKnownFileType = sourcecode.swift; path = AppDelegate.swift; sourceTree = "<group>"; };
		3928CE33253C6FAD001CDED4 /* SceneDelegate.swift */ = {isa = PBXFileReference; lastKnownFileType = sourcecode.swift; path = SceneDelegate.swift; sourceTree = "<group>"; };
		3928CE35253C6FAD001CDED4 /* ViewController.swift */ = {isa = PBXFileReference; lastKnownFileType = sourcecode.swift; path = ViewController.swift; sourceTree = "<group>"; };
		3928CE3F253C6FAE001CDED4 /* Info.plist */ = {isa = PBXFileReference; lastKnownFileType = text.plist.xml; path = Info.plist; sourceTree = "<group>"; };
		3928CE48253C6FFD001CDED4 /* Main.storyboard */ = {isa = PBXFileReference; fileEncoding = 4; lastKnownFileType = file.storyboard; path = Main.storyboard; sourceTree = "<group>"; };
		3928CE4B253C704D001CDED4 /* EnglishVL.swift */ = {isa = PBXFileReference; fileEncoding = 4; lastKnownFileType = sourcecode.swift; path = EnglishVL.swift; sourceTree = "<group>"; };
		3928CE4F253C7083001CDED4 /* EnglishCardCell.swift */ = {isa = PBXFileReference; fileEncoding = 4; lastKnownFileType = sourcecode.swift; path = EnglishCardCell.swift; sourceTree = "<group>"; };
		3928CE5B253C7133001CDED4 /* LaunchScreen.storyboard */ = {isa = PBXFileReference; fileEncoding = 4; lastKnownFileType = file.storyboard; path = LaunchScreen.storyboard; sourceTree = "<group>"; };
		3928CE60253C7E5B001CDED4 /* EnglishVC.swift */ = {isa = PBXFileReference; fileEncoding = 4; lastKnownFileType = sourcecode.swift; path = EnglishVC.swift; sourceTree = "<group>"; };
		3941586A25434EAE0090309B /* ColorscollectionView.swift */ = {isa = PBXFileReference; lastKnownFileType = sourcecode.swift; path = ColorscollectionView.swift; sourceTree = "<group>"; };
		3941586D25434F6C0090309B /* ColorsVC.swift */ = {isa = PBXFileReference; lastKnownFileType = sourcecode.swift; path = ColorsVC.swift; sourceTree = "<group>"; };
		3941587025434FFB0090309B /* ColorModel.swift */ = {isa = PBXFileReference; lastKnownFileType = sourcecode.swift; path = ColorModel.swift; sourceTree = "<group>"; };
		3941587B254354110090309B /* colorsCardCell.swift */ = {isa = PBXFileReference; fileEncoding = 4; lastKnownFileType = sourcecode.swift; path = colorsCardCell.swift; sourceTree = "<group>"; };
		39415886254356780090309B /* UIColor+Extension.swift */ = {isa = PBXFileReference; lastKnownFileType = sourcecode.swift; path = "UIColor+Extension.swift"; sourceTree = "<group>"; };
		395818D7253CCED40051B10C /* Assets.xcassets */ = {isa = PBXFileReference; lastKnownFileType = folder.assetcatalog; path = Assets.xcassets; sourceTree = "<group>"; };
		395818DE253CD5190051B10C /* ArabicVC.swift */ = {isa = PBXFileReference; lastKnownFileType = sourcecode.swift; path = ArabicVC.swift; sourceTree = "<group>"; };
		395818E3253CD6A80051B10C /* ArabicCardCell.swift */ = {isa = PBXFileReference; lastKnownFileType = sourcecode.swift; path = ArabicCardCell.swift; sourceTree = "<group>"; };
		395818E8253CD6FB0051B10C /* ArabicVL.swift */ = {isa = PBXFileReference; lastKnownFileType = sourcecode.swift; path = ArabicVL.swift; sourceTree = "<group>"; };
		3974FD902542358B00A5CE03 /* Numbers.swift */ = {isa = PBXFileReference; fileEncoding = 4; lastKnownFileType = sourcecode.swift; path = Numbers.swift; sourceTree = "<group>"; };
		3974FD932542359700A5CE03 /* NumbersData.swift */ = {isa = PBXFileReference; fileEncoding = 4; lastKnownFileType = sourcecode.swift; path = NumbersData.swift; sourceTree = "<group>"; };
		3974FD9A2542430C00A5CE03 /* EnglishSong.mp3 */ = {isa = PBXFileReference; lastKnownFileType = audio.mp3; path = EnglishSong.mp3; sourceTree = "<group>"; };
		3974FD9D2542431100A5CE03 /* ArabicSong.mp3 */ = {isa = PBXFileReference; lastKnownFileType = audio.mp3; path = ArabicSong.mp3; sourceTree = "<group>"; };
		39BD0AE8253F3BB6004E5F11 /* NumbersVC.swift */ = {isa = PBXFileReference; lastKnownFileType = sourcecode.swift; path = NumbersVC.swift; sourceTree = "<group>"; };
		39DFF342253CA8170065D288 /* Lateef-Regular.ttf */ = {isa = PBXFileReference; lastKnownFileType = file; path = "Lateef-Regular.ttf"; sourceTree = "<group>"; };
		39DFF343253CA8190065D288 /* OFL.txt */ = {isa = PBXFileReference; lastKnownFileType = text; path = OFL.txt; sourceTree = "<group>"; };
		39EBEFF72541C6A200FC5EBA /* DrawingVC.swift */ = {isa = PBXFileReference; lastKnownFileType = sourcecode.swift; path = DrawingVC.swift; sourceTree = "<group>"; };
/* End PBXFileReference section */

/* Begin PBXFrameworksBuildPhase section */
		3928CE2B253C6FAD001CDED4 /* Frameworks */ = {
			isa = PBXFrameworksBuildPhase;
			buildActionMask = 2147483647;
			files = (
			);
			runOnlyForDeploymentPostprocessing = 0;
		};
/* End PBXFrameworksBuildPhase section */

/* Begin PBXGroup section */
		391E5A5125426382003A4877 /* Quiz */ = {
			isa = PBXGroup;
			children = (
				391E5A52254282EF003A4877 /* Qustion.swift */,
				391E5A5525428338003A4877 /* TheQuiz.swift */,
				391E5A5825428398003A4877 /* QuizVC.swift */,
			);
			name = Quiz;
			path = Numbers;
			sourceTree = "<group>";
		};
		3928CE25253C6FAD001CDED4 = {
			isa = PBXGroup;
			children = (
				3928CE30253C6FAD001CDED4 /* نتعلم */,
				3928CE2F253C6FAD001CDED4 /* Products */,
			);
			sourceTree = "<group>";
		};
		3928CE2F253C6FAD001CDED4 /* Products */ = {
			isa = PBXGroup;
			children = (
				3928CE2E253C6FAD001CDED4 /* نتعلم.app */,
			);
			name = Products;
			sourceTree = "<group>";
		};
		3928CE30253C6FAD001CDED4 /* نتعلم */ = {
			isa = PBXGroup;
			children = (
				3941586825434E420090309B /* colors */,
				391E5A5125426382003A4877 /* Quiz */,
				39DFF326253CA0D90065D288 /* Font */,
				3974FD99254242F000A5CE03 /* Songs */,
				39D23390253DF8350036C983 /* Numbers */,
				3974FD852541F2EC00A5CE03 /* Drawing */,
				395818DD253CD4FF0051B10C /* Arabic */,
				39DFF328253CA1110065D288 /* English */,
				3974FD862541F32A00A5CE03 /* StoryBoard */,
				3928CE5B253C7133001CDED4 /* LaunchScreen.storyboard */,
				3928CE33253C6FAD001CDED4 /* SceneDelegate.swift */,
				3928CE31253C6FAD001CDED4 /* AppDelegate.swift */,
				3928CE35253C6FAD001CDED4 /* ViewController.swift */,
				3928CE3F253C6FAE001CDED4 /* Info.plist */,
				395818D7253CCED40051B10C /* Assets.xcassets */,
			);
			path = "نتعلم";
			sourceTree = "<group>";
		};
		3941586825434E420090309B /* colors */ = {
			isa = PBXGroup;
			children = (
				3941586A25434EAE0090309B /* ColorscollectionView.swift */,
				3941587025434FFB0090309B /* ColorModel.swift */,
				3941586D25434F6C0090309B /* ColorsVC.swift */,
				3941587B254354110090309B /* colorsCardCell.swift */,
				39415886254356780090309B /* UIColor+Extension.swift */,
			);
			path = colors;
			sourceTree = "<group>";
		};
		395818DD253CD4FF0051B10C /* Arabic */ = {
			isa = PBXGroup;
			children = (
				395818DE253CD5190051B10C /* ArabicVC.swift */,
				395818E3253CD6A80051B10C /* ArabicCardCell.swift */,
				395818E8253CD6FB0051B10C /* ArabicVL.swift */,
			);
			path = Arabic;
			sourceTree = "<group>";
		};
		3974FD852541F2EC00A5CE03 /* Drawing */ = {
			isa = PBXGroup;
			children = (
				39EBEFF72541C6A200FC5EBA /* DrawingVC.swift */,
			);
			name = Drawing;
			path = English;
			sourceTree = "<group>";
		};
		3974FD862541F32A00A5CE03 /* StoryBoard */ = {
			isa = PBXGroup;
			children = (
				3928CE48253C6FFD001CDED4 /* Main.storyboard */,
			);
			path = StoryBoard;
			sourceTree = "<group>";
		};
		3974FD99254242F000A5CE03 /* Songs */ = {
			isa = PBXGroup;
			children = (
				3974FD9D2542431100A5CE03 /* ArabicSong.mp3 */,
				3974FD9A2542430C00A5CE03 /* EnglishSong.mp3 */,
			);
			name = Songs;
			sourceTree = "<group>";
		};
		39D23390253DF8350036C983 /* Numbers */ = {
			isa = PBXGroup;
			children = (
				39BD0AE8253F3BB6004E5F11 /* NumbersVC.swift */,
				3974FD902542358B00A5CE03 /* Numbers.swift */,
				3974FD932542359700A5CE03 /* NumbersData.swift */,
			);
			path = Numbers;
			sourceTree = "<group>";
		};
		39DFF326253CA0D90065D288 /* Font */ = {
			isa = PBXGroup;
			children = (
				39DFF342253CA8170065D288 /* Lateef-Regular.ttf */,
				39DFF343253CA8190065D288 /* OFL.txt */,
			);
			path = Font;
			sourceTree = "<group>";
		};
		39DFF328253CA1110065D288 /* English */ = {
			isa = PBXGroup;
			children = (
				3928CE60253C7E5B001CDED4 /* EnglishVC.swift */,
				3928CE4F253C7083001CDED4 /* EnglishCardCell.swift */,
				3928CE4B253C704D001CDED4 /* EnglishVL.swift */,
			);
			path = English;
			sourceTree = "<group>";
		};
/* End PBXGroup section */

/* Begin PBXNativeTarget section */
		3928CE2D253C6FAD001CDED4 /* نتعلم */ = {
			isa = PBXNativeTarget;
			buildConfigurationList = 3928CE42253C6FAE001CDED4 /* Build configuration list for PBXNativeTarget "نتعلم" */;
			buildPhases = (
				3928CE2A253C6FAD001CDED4 /* Sources */,
				3928CE2B253C6FAD001CDED4 /* Frameworks */,
				3928CE2C253C6FAD001CDED4 /* Resources */,
			);
			buildRules = (
			);
			dependencies = (
			);
			name = "نتعلم";
			productName = "نتعلم";
			productReference = 3928CE2E253C6FAD001CDED4 /* نتعلم.app */;
			productType = "com.apple.product-type.application";
		};
/* End PBXNativeTarget section */

/* Begin PBXProject section */
		3928CE26253C6FAD001CDED4 /* Project object */ = {
			isa = PBXProject;
			attributes = {
				LastSwiftUpdateCheck = 1200;
				LastUpgradeCheck = 1200;
				TargetAttributes = {
					3928CE2D253C6FAD001CDED4 = {
						CreatedOnToolsVersion = 12.0.1;
					};
				};
			};
			buildConfigurationList = 3928CE29253C6FAD001CDED4 /* Build configuration list for PBXProject "نتعلم" */;
			compatibilityVersion = "Xcode 9.3";
			developmentRegion = en;
			hasScannedForEncodings = 0;
			knownRegions = (
				en,
				Base,
			);
			mainGroup = 3928CE25253C6FAD001CDED4;
			productRefGroup = 3928CE2F253C6FAD001CDED4 /* Products */;
			projectDirPath = "";
			projectRoot = "";
			targets = (
				3928CE2D253C6FAD001CDED4 /* نتعلم */,
			);
		};
/* End PBXProject section */

/* Begin PBXResourcesBuildPhase section */
		3928CE2C253C6FAD001CDED4 /* Resources */ = {
			isa = PBXResourcesBuildPhase;
			buildActionMask = 2147483647;
			files = (
				39DFF347253CA8320065D288 /* OFL.txt in Resources */,
				39DFF345253CA82E0065D288 /* Lateef-Regular.ttf in Resources */,
				3928CE49253C6FFD001CDED4 /* Main.storyboard in Resources */,
				3928CE5C253C7133001CDED4 /* LaunchScreen.storyboard in Resources */,
				395818D8253CCED40051B10C /* Assets.xcassets in Resources */,
				3974FD9E2542431100A5CE03 /* ArabicSong.mp3 in Resources */,
				3974FD9B2542430C00A5CE03 /* EnglishSong.mp3 in Resources */,
			);
			runOnlyForDeploymentPostprocessing = 0;
		};
/* End PBXResourcesBuildPhase section */

/* Begin PBXSourcesBuildPhase section */
		3928CE2A253C6FAD001CDED4 /* Sources */ = {
			isa = PBXSourcesBuildPhase;
			buildActionMask = 2147483647;
			files = (
				39415887254356780090309B /* UIColor+Extension.swift in Sources */,
				3941587C254354110090309B /* colorsCardCell.swift in Sources */,
				3941587125434FFB0090309B /* ColorModel.swift in Sources */,
				3928CE36253C6FAD001CDED4 /* ViewController.swift in Sources */,
				3928CE32253C6FAD001CDED4 /* AppDelegate.swift in Sources */,
				39EBEFF82541C6A200FC5EBA /* DrawingVC.swift in Sources */,
				39BD0AE9253F3BB6004E5F11 /* NumbersVC.swift in Sources */,
				395818DF253CD5190051B10C /* ArabicVC.swift in Sources */,
				3928CE4C253C704D001CDED4 /* EnglishVL.swift in Sources */,
				3928CE61253C7E5B001CDED4 /* EnglishVC.swift in Sources */,
				395818E4253CD6A80051B10C /* ArabicCardCell.swift in Sources */,
				391E5A5625428338003A4877 /* TheQuiz.swift in Sources */,
				3941586B25434EAE0090309B /* ColorscollectionView.swift in Sources */,
				3941586E25434F6C0090309B /* ColorsVC.swift in Sources */,
				391E5A5925428398003A4877 /* QuizVC.swift in Sources */,
				3974FD942542359700A5CE03 /* NumbersData.swift in Sources */,
				3974FD912542358B00A5CE03 /* Numbers.swift in Sources */,
				3928CE50253C7083001CDED4 /* EnglishCardCell.swift in Sources */,
				395818E9253CD6FB0051B10C /* ArabicVL.swift in Sources */,
				3928CE34253C6FAD001CDED4 /* SceneDelegate.swift in Sources */,
				391E5A53254282EF003A4877 /* Qustion.swift in Sources */,
			);
			runOnlyForDeploymentPostprocessing = 0;
		};
/* End PBXSourcesBuildPhase section */

/* Begin XCBuildConfiguration section */
		3928CE40253C6FAE001CDED4 /* Debug */ = {
			isa = XCBuildConfiguration;
			buildSettings = {
				ALWAYS_SEARCH_USER_PATHS = NO;
				CLANG_ANALYZER_NONNULL = YES;
				CLANG_ANALYZER_NUMBER_OBJECT_CONVERSION = YES_AGGRESSIVE;
				CLANG_CXX_LANGUAGE_STANDARD = "gnu++14";
				CLANG_CXX_LIBRARY = "libc++";
				CLANG_ENABLE_MODULES = YES;
				CLANG_ENABLE_OBJC_ARC = YES;
				CLANG_ENABLE_OBJC_WEAK = YES;
				CLANG_WARN_BLOCK_CAPTURE_AUTORELEASING = YES;
				CLANG_WARN_BOOL_CONVERSION = YES;
				CLANG_WARN_COMMA = YES;
				CLANG_WARN_CONSTANT_CONVERSION = YES;
				CLANG_WARN_DEPRECATED_OBJC_IMPLEMENTATIONS = YES;
				CLANG_WARN_DIRECT_OBJC_ISA_USAGE = YES_ERROR;
				CLANG_WARN_DOCUMENTATION_COMMENTS = YES;
				CLANG_WARN_EMPTY_BODY = YES;
				CLANG_WARN_ENUM_CONVERSION = YES;
				CLANG_WARN_INFINITE_RECURSION = YES;
				CLANG_WARN_INT_CONVERSION = YES;
				CLANG_WARN_NON_LITERAL_NULL_CONVERSION = YES;
				CLANG_WARN_OBJC_IMPLICIT_RETAIN_SELF = YES;
				CLANG_WARN_OBJC_LITERAL_CONVERSION = YES;
				CLANG_WARN_OBJC_ROOT_CLASS = YES_ERROR;
				CLANG_WARN_QUOTED_INCLUDE_IN_FRAMEWORK_HEADER = YES;
				CLANG_WARN_RANGE_LOOP_ANALYSIS = YES;
				CLANG_WARN_STRICT_PROTOTYPES = YES;
				CLANG_WARN_SUSPICIOUS_MOVE = YES;
				CLANG_WARN_UNGUARDED_AVAILABILITY = YES_AGGRESSIVE;
				CLANG_WARN_UNREACHABLE_CODE = YES;
				CLANG_WARN__DUPLICATE_METHOD_MATCH = YES;
				COPY_PHASE_STRIP = NO;
				DEBUG_INFORMATION_FORMAT = dwarf;
				ENABLE_STRICT_OBJC_MSGSEND = YES;
				ENABLE_TESTABILITY = YES;
				GCC_C_LANGUAGE_STANDARD = gnu11;
				GCC_DYNAMIC_NO_PIC = NO;
				GCC_NO_COMMON_BLOCKS = YES;
				GCC_OPTIMIZATION_LEVEL = 0;
				GCC_PREPROCESSOR_DEFINITIONS = (
					"DEBUG=1",
					"$(inherited)",
				);
				GCC_WARN_64_TO_32_BIT_CONVERSION = YES;
				GCC_WARN_ABOUT_RETURN_TYPE = YES_ERROR;
				GCC_WARN_UNDECLARED_SELECTOR = YES;
				GCC_WARN_UNINITIALIZED_AUTOS = YES_AGGRESSIVE;
				GCC_WARN_UNUSED_FUNCTION = YES;
				GCC_WARN_UNUSED_VARIABLE = YES;
				IPHONEOS_DEPLOYMENT_TARGET = 14.0;
				MTL_ENABLE_DEBUG_INFO = INCLUDE_SOURCE;
				MTL_FAST_MATH = YES;
				ONLY_ACTIVE_ARCH = YES;
				SDKROOT = iphoneos;
				SWIFT_ACTIVE_COMPILATION_CONDITIONS = DEBUG;
				SWIFT_OPTIMIZATION_LEVEL = "-Onone";
			};
			name = Debug;
		};
		3928CE41253C6FAE001CDED4 /* Release */ = {
			isa = XCBuildConfiguration;
			buildSettings = {
				ALWAYS_SEARCH_USER_PATHS = NO;
				CLANG_ANALYZER_NONNULL = YES;
				CLANG_ANALYZER_NUMBER_OBJECT_CONVERSION = YES_AGGRESSIVE;
				CLANG_CXX_LANGUAGE_STANDARD = "gnu++14";
				CLANG_CXX_LIBRARY = "libc++";
				CLANG_ENABLE_MODULES = YES;
				CLANG_ENABLE_OBJC_ARC = YES;
				CLANG_ENABLE_OBJC_WEAK = YES;
				CLANG_WARN_BLOCK_CAPTURE_AUTORELEASING = YES;
				CLANG_WARN_BOOL_CONVERSION = YES;
				CLANG_WARN_COMMA = YES;
				CLANG_WARN_CONSTANT_CONVERSION = YES;
				CLANG_WARN_DEPRECATED_OBJC_IMPLEMENTATIONS = YES;
				CLANG_WARN_DIRECT_OBJC_ISA_USAGE = YES_ERROR;
				CLANG_WARN_DOCUMENTATION_COMMENTS = YES;
				CLANG_WARN_EMPTY_BODY = YES;
				CLANG_WARN_ENUM_CONVERSION = YES;
				CLANG_WARN_INFINITE_RECURSION = YES;
				CLANG_WARN_INT_CONVERSION = YES;
				CLANG_WARN_NON_LITERAL_NULL_CONVERSION = YES;
				CLANG_WARN_OBJC_IMPLICIT_RETAIN_SELF = YES;
				CLANG_WARN_OBJC_LITERAL_CONVERSION = YES;
				CLANG_WARN_OBJC_ROOT_CLASS = YES_ERROR;
				CLANG_WARN_QUOTED_INCLUDE_IN_FRAMEWORK_HEADER = YES;
				CLANG_WARN_RANGE_LOOP_ANALYSIS = YES;
				CLANG_WARN_STRICT_PROTOTYPES = YES;
				CLANG_WARN_SUSPICIOUS_MOVE = YES;
				CLANG_WARN_UNGUARDED_AVAILABILITY = YES_AGGRESSIVE;
				CLANG_WARN_UNREACHABLE_CODE = YES;
				CLANG_WARN__DUPLICATE_METHOD_MATCH = YES;
				COPY_PHASE_STRIP = NO;
				DEBUG_INFORMATION_FORMAT = "dwarf-with-dsym";
				ENABLE_NS_ASSERTIONS = NO;
				ENABLE_STRICT_OBJC_MSGSEND = YES;
				GCC_C_LANGUAGE_STANDARD = gnu11;
				GCC_NO_COMMON_BLOCKS = YES;
				GCC_WARN_64_TO_32_BIT_CONVERSION = YES;
				GCC_WARN_ABOUT_RETURN_TYPE = YES_ERROR;
				GCC_WARN_UNDECLARED_SELECTOR = YES;
				GCC_WARN_UNINITIALIZED_AUTOS = YES_AGGRESSIVE;
				GCC_WARN_UNUSED_FUNCTION = YES;
				GCC_WARN_UNUSED_VARIABLE = YES;
				IPHONEOS_DEPLOYMENT_TARGET = 14.0;
				MTL_ENABLE_DEBUG_INFO = NO;
				MTL_FAST_MATH = YES;
				SDKROOT = iphoneos;
				SWIFT_COMPILATION_MODE = wholemodule;
				SWIFT_OPTIMIZATION_LEVEL = "-O";
				VALIDATE_PRODUCT = YES;
			};
			name = Release;
		};
		3928CE43253C6FAE001CDED4 /* Debug */ = {
			isa = XCBuildConfiguration;
			buildSettings = {
				ASSETCATALOG_COMPILER_APPICON_NAME = AppIcon;
				ASSETCATALOG_COMPILER_GLOBAL_ACCENT_COLOR_NAME = AccentColor;
				CODE_SIGN_STYLE = Automatic;
				DEVELOPMENT_TEAM = PQSM74737Y;
				INFOPLIST_FILE = "نتعلم/Info.plist";
				IPHONEOS_DEPLOYMENT_TARGET = 13.0;
				LD_RUNPATH_SEARCH_PATHS = (
					"$(inherited)",
					"@executable_path/Frameworks",
				);
				PRODUCT_BUNDLE_IDENTIFIER = "mariam.-----";
				PRODUCT_NAME = "$(TARGET_NAME)";
				SWIFT_VERSION = 5.0;
				TARGETED_DEVICE_FAMILY = "1,2";
			};
			name = Debug;
		};
		3928CE44253C6FAE001CDED4 /* Release */ = {
			isa = XCBuildConfiguration;
			buildSettings = {
				ASSETCATALOG_COMPILER_APPICON_NAME = AppIcon;
				ASSETCATALOG_COMPILER_GLOBAL_ACCENT_COLOR_NAME = AccentColor;
				CODE_SIGN_STYLE = Automatic;
				DEVELOPMENT_TEAM = PQSM74737Y;
				INFOPLIST_FILE = "نتعلم/Info.plist";
				IPHONEOS_DEPLOYMENT_TARGET = 13.0;
				LD_RUNPATH_SEARCH_PATHS = (
					"$(inherited)",
					"@executable_path/Frameworks",
				);
				PRODUCT_BUNDLE_IDENTIFIER = "mariam.-----";
				PRODUCT_NAME = "$(TARGET_NAME)";
				SWIFT_VERSION = 5.0;
				TARGETED_DEVICE_FAMILY = "1,2";
			};
			name = Release;
		};
/* End XCBuildConfiguration section */

/* Begin XCConfigurationList section */
		3928CE29253C6FAD001CDED4 /* Build configuration list for PBXProject "نتعلم" */ = {
			isa = XCConfigurationList;
			buildConfigurations = (
				3928CE40253C6FAE001CDED4 /* Debug */,
				3928CE41253C6FAE001CDED4 /* Release */,
			);
			defaultConfigurationIsVisible = 0;
			defaultConfigurationName = Release;
		};
		3928CE42253C6FAE001CDED4 /* Build configuration list for PBXNativeTarget "نتعلم" */ = {
			isa = XCConfigurationList;
			buildConfigurations = (
				3928CE43253C6FAE001CDED4 /* Debug */,
				3928CE44253C6FAE001CDED4 /* Release */,
			);
			defaultConfigurationIsVisible = 0;
			defaultConfigurationName = Release;
		};
/* End XCConfigurationList section */
	};
	rootObject = 3928CE26253C6FAD001CDED4 /* Project object */;
}
